lockVersion: 2.0.0
id: 09aa20df-3b26-4c1a-8fbf-172a1d496a25
management:
  docChecksum: 652c7395dce528446ba648c0ecb47796
  docVersion: 0.0.1
  speakeasyVersion: internal
  generationVersion: 2.234.3
  releaseVersion: 2.1.2
  configChecksum: 5be6f30ae93cf858f58e60f1eacc1f9a
  repoURL: https://github.com/speakeasy-sdks/push-cash.git
  repoSubDirectory: .
  installationURL: https://github.com/speakeasy-sdks/push-cash
  published: true
features:
  go:
    core: 3.3.1
    globalSecurity: 2.82.3
    globalServerURLs: 2.82.1
    nameOverrides: 2.81.1
    serverIDs: 2.81.1
generatedFiles:
  - balance.go
  - events.go
  - intent.go
  - transfer.go
  - user.go
  - pushcash.go
  - go.mod
  - go.sum
  - tests/helpers.go
  - pkg/models/sdkerrors/sdkerror.go
  - pkg/types/bigint.go
  - pkg/types/date.go
  - pkg/types/datetime.go
  - pkg/types/decimal.go
  - pkg/types/pointers.go
  - pkg/utils/contenttype.go
  - pkg/utils/form.go
  - pkg/utils/headers.go
  - pkg/utils/json.go
  - pkg/utils/pathparams.go
  - pkg/utils/queryparams.go
  - pkg/utils/requestbody.go
  - pkg/utils/retries.go
  - pkg/utils/security.go
  - pkg/utils/utils.go
  - /pkg/models/operations/getbalance.go
  - /pkg/models/operations/gettransaction.go
  - /pkg/models/operations/listtransactions.go
  - /pkg/models/operations/getevent.go
  - /pkg/models/operations/listevents.go
  - /pkg/models/operations/cancelintent.go
  - /pkg/models/operations/createintent.go
  - /pkg/models/operations/getintent.go
  - /pkg/models/operations/listintents.go
  - /pkg/models/operations/createtransfer.go
  - /pkg/models/operations/gettransfer.go
  - /pkg/models/operations/listtransfers.go
  - /pkg/models/operations/createuser.go
  - /pkg/models/operations/getuser.go
  - /pkg/models/operations/listusers.go
  - /pkg/models/operations/updateuser.go
  - /pkg/models/shared/error.go
  - /pkg/models/shared/accountbalance.go
  - /pkg/models/shared/currency.go
  - /pkg/models/shared/transaction.go
  - /pkg/models/shared/transactionstatus.go
  - /pkg/models/shared/event.go
  - /pkg/models/shared/intent.go
  - /pkg/models/shared/intentstatus.go
  - /pkg/models/shared/direction.go
  - /pkg/models/shared/createintentrequest.go
  - /pkg/models/shared/transfer.go
  - /pkg/models/shared/transferstatus.go
  - /pkg/models/shared/createtransferrequest.go
  - /pkg/models/shared/user.go
  - /pkg/models/shared/userstatus.go
  - /pkg/models/shared/paymentcredential.go
  - /pkg/models/shared/kyc.go
  - /pkg/models/shared/createuserrequest.go
  - /pkg/models/shared/updateuserrequest.go
  - /pkg/models/shared/security.go
  - docs/pkg/models/operations/getbalanceresponse.md
  - docs/pkg/models/operations/gettransactionrequest.md
  - docs/pkg/models/operations/gettransactionresponse.md
  - docs/pkg/models/operations/listtransactionsrequest.md
  - docs/pkg/models/operations/listtransactionsresponsebody.md
  - docs/pkg/models/operations/listtransactionsresponse.md
  - docs/pkg/models/operations/geteventrequest.md
  - docs/pkg/models/operations/geteventresponse.md
  - docs/pkg/models/operations/listeventsrequest.md
  - docs/pkg/models/operations/listeventsresponsebody.md
  - docs/pkg/models/operations/listeventsresponse.md
  - docs/pkg/models/operations/cancelintentrequest.md
  - docs/pkg/models/operations/cancelintentresponse.md
  - docs/pkg/models/operations/createintentrequest.md
  - docs/pkg/models/operations/createintentresponse.md
  - docs/pkg/models/operations/getintentrequest.md
  - docs/pkg/models/operations/getintentresponse.md
  - docs/pkg/models/operations/listintentsrequest.md
  - docs/pkg/models/operations/listintentsresponsebody.md
  - docs/pkg/models/operations/listintentsresponse.md
  - docs/pkg/models/operations/createtransferrequest.md
  - docs/pkg/models/operations/createtransferresponse.md
  - docs/pkg/models/operations/gettransferrequest.md
  - docs/pkg/models/operations/gettransferresponse.md
  - docs/pkg/models/operations/listtransfersrequest.md
  - docs/pkg/models/operations/listtransfersresponsebody.md
  - docs/pkg/models/operations/listtransfersresponse.md
  - docs/pkg/models/operations/createuserrequest.md
  - docs/pkg/models/operations/createuserresponse.md
  - docs/pkg/models/operations/getuserrequest.md
  - docs/pkg/models/operations/getuserresponse.md
  - docs/pkg/models/operations/listusersrequest.md
  - docs/pkg/models/operations/listusersresponsebody.md
  - docs/pkg/models/operations/listusersresponse.md
  - docs/pkg/models/operations/updateuserrequest.md
  - docs/pkg/models/operations/updateuserresponse.md
  - docs/pkg/models/shared/error.md
  - docs/pkg/models/shared/accountbalance.md
  - docs/pkg/models/shared/currency.md
  - docs/pkg/models/shared/type.md
  - docs/pkg/models/shared/feedetails.md
  - docs/pkg/models/shared/transactiontype.md
  - docs/pkg/models/shared/source.md
  - docs/pkg/models/shared/transaction.md
  - docs/pkg/models/shared/transactionstatus.md
  - docs/pkg/models/shared/eventtype.md
  - docs/pkg/models/shared/sourcetype.md
  - docs/pkg/models/shared/event.md
  - docs/pkg/models/shared/failuredetails.md
  - docs/pkg/models/shared/intent.md
  - docs/pkg/models/shared/intentstatus.md
  - docs/pkg/models/shared/direction.md
  - docs/pkg/models/shared/createintentrequest.md
  - docs/types/date.md
  - docs/pkg/models/shared/transfer.md
  - docs/pkg/models/shared/transferstatus.md
  - docs/pkg/models/shared/createtransferrequest.md
  - docs/pkg/models/shared/user.md
  - docs/pkg/models/shared/userstatus.md
  - docs/pkg/models/shared/account.md
  - docs/pkg/models/shared/card.md
  - docs/pkg/models/shared/paymentcredential.md
  - docs/pkg/models/shared/method.md
  - docs/pkg/models/shared/kyc.md
  - docs/pkg/models/shared/createuserrequest.md
  - docs/pkg/models/shared/status.md
  - docs/pkg/models/shared/updateuserrequest.md
  - docs/pkg/models/shared/security.md
  - docs/sdks/pushcash/README.md
  - docs/sdks/balance/README.md
  - docs/sdks/events/README.md
  - docs/sdks/intent/README.md
  - docs/sdks/transfer/README.md
  - docs/sdks/user/README.md
  - USAGE.md
  - .gitattributes
